
Microsoft Visual Studio Solution File, Format Version 12.00
Project("{FAE04EC0-301F-11D3-BF4B-00C04F79EFBC}") = "DiamondKata", "DiamondKata.csproj", "{D5B416CB-97A6-4B1F-A59F-AF100C3D6C79}"
EndProject
Global
	GlobalSection(SolutionConfigurationPlatforms) = preSolution
		Debug|Any CPU = Debug|Any CPU
		Release|Any CPU = Release|Any CPU
	EndGlobalSection
	GlobalSection(ProjectConfigurationPlatforms) = postSolution
		{D5B416CB-97A6-4B1F-A59F-AF100C3D6C79}.Debug|Any CPU.ActiveCfg = Debug|Any CPU
		{D5B416CB-97A6-4B1F-A59F-AF100C3D6C79}.Debug|Any CPU.Build.0 = Debug|Any CPU
		{D5B416CB-97A6-4B1F-A59F-AF100C3D6C79}.Release|Any CPU.ActiveCfg = Release|Any CPU
		{D5B416CB-97A6-4B1F-A59F-AF100C3D6C79}.Release|Any CPU.Build.0 = Release|Any CPU
	EndGlobalSection
EndGlobal
